
Microsoft Visual Studio Solution File, Format Version 12.00
# Visual Studio Version 16
VisualStudioVersion = 16.0.30114.105
MinimumVisualStudioVersion = 10.0.40219.1
Project("{FAE04EC0-301F-11D3-BF4B-00C04F79EFBC}") = "TestingConsole", "TestingConsole\TestingConsole.csproj", "{81FE4EC6-081F-46DC-A3AF-703B5CD4E016}"
EndProject
Project("{FAE04EC0-301F-11D3-BF4B-00C04F79EFBC}") = "Projections", "Projections\Projections.csproj", "{1B4E7226-6A92-48D0-AA23-FA2C3089F649}"
EndProject
Project("{FAE04EC0-301F-11D3-BF4B-00C04F79EFBC}") = "Projections.Tests", "Projections.Tests\Projections.Tests.csproj", "{41105D31-A185-46C2-82CE-315D596B0DBF}"
EndProject
Global
	GlobalSection(SolutionConfigurationPlatforms) = preSolution
		Debug|Any CPU = Debug|Any CPU
		Release|Any CPU = Release|Any CPU
	EndGlobalSection
	GlobalSection(SolutionProperties) = preSolution
		HideSolutionNode = FALSE
	EndGlobalSection
	GlobalSection(ProjectConfigurationPlatforms) = postSolution
		{81FE4EC6-081F-46DC-A3AF-703B5CD4E016}.Debug|Any CPU.ActiveCfg = Debug|Any CPU
		{81FE4EC6-081F-46DC-A3AF-703B5CD4E016}.Debug|Any CPU.Build.0 = Debug|Any CPU
		{81FE4EC6-081F-46DC-A3AF-703B5CD4E016}.Release|Any CPU.ActiveCfg = Release|Any CPU
		{81FE4EC6-081F-46DC-A3AF-703B5CD4E016}.Release|Any CPU.Build.0 = Release|Any CPU
		{1B4E7226-6A92-48D0-AA23-FA2C3089F649}.Debug|Any CPU.ActiveCfg = Debug|Any CPU
		{1B4E7226-6A92-48D0-AA23-FA2C3089F649}.Debug|Any CPU.Build.0 = Debug|Any CPU
		{1B4E7226-6A92-48D0-AA23-FA2C3089F649}.Release|Any CPU.ActiveCfg = Release|Any CPU
		{1B4E7226-6A92-48D0-AA23-FA2C3089F649}.Release|Any CPU.Build.0 = Release|Any CPU
		{41105D31-A185-46C2-82CE-315D596B0DBF}.Debug|Any CPU.ActiveCfg = Debug|Any CPU
		{41105D31-A185-46C2-82CE-315D596B0DBF}.Debug|Any CPU.Build.0 = Debug|Any CPU
		{41105D31-A185-46C2-82CE-315D596B0DBF}.Release|Any CPU.ActiveCfg = Release|Any CPU
		{41105D31-A185-46C2-82CE-315D596B0DBF}.Release|Any CPU.Build.0 = Release|Any CPU
	EndGlobalSection
EndGlobal
